
Microsoft Visual Studio Solution File, Format Version 12.00
# Visual Studio 15
VisualStudioVersion = 15.0.26124.0
MinimumVisualStudioVersion = 15.0.26124.0
Project("{FAE04EC0-301F-11D3-BF4B-00C04F79EFBC}") = "ProEventos.Application", "ProEventos.Application\ProEventos.Application.csproj", "{66F564CE-A4C0-4A9C-8A86-5DABC41DACF8}"
EndProject
Project("{FAE04EC0-301F-11D3-BF4B-00C04F79EFBC}") = "ProEventos.Domain", "ProEventos.Domain\ProEventos.Domain.csproj", "{0ADDF545-060A-4FD0-8BC3-0A22FE90C7DD}"
EndProject
Project("{FAE04EC0-301F-11D3-BF4B-00C04F79EFBC}") = "ProEventos.Api", "ProEventos.Api\ProEventos.Api.csproj", "{2D333571-72F7-4925-9244-ED92FB63AC9A}"
EndProject
Project("{FAE04EC0-301F-11D3-BF4B-00C04F79EFBC}") = "ProEventos.Persistence", "ProEventos.Persistence\ProEventos.Persistence.csproj", "{5149551E-BBB4-4816-B046-CD402A9FBA39}"
EndProject
Global
	GlobalSection(SolutionConfigurationPlatforms) = preSolution
		Debug|Any CPU = Debug|Any CPU
		Debug|x64 = Debug|x64
		Debug|x86 = Debug|x86
		Release|Any CPU = Release|Any CPU
		Release|x64 = Release|x64
		Release|x86 = Release|x86
	EndGlobalSection
	GlobalSection(SolutionProperties) = preSolution
		HideSolutionNode = FALSE
	EndGlobalSection
	GlobalSection(ProjectConfigurationPlatforms) = postSolution
		{66F564CE-A4C0-4A9C-8A86-5DABC41DACF8}.Debug|Any CPU.ActiveCfg = Debug|Any CPU
		{66F564CE-A4C0-4A9C-8A86-5DABC41DACF8}.Debug|Any CPU.Build.0 = Debug|Any CPU
		{66F564CE-A4C0-4A9C-8A86-5DABC41DACF8}.Debug|x64.ActiveCfg = Debug|Any CPU
		{66F564CE-A4C0-4A9C-8A86-5DABC41DACF8}.Debug|x64.Build.0 = Debug|Any CPU
		{66F564CE-A4C0-4A9C-8A86-5DABC41DACF8}.Debug|x86.ActiveCfg = Debug|Any CPU
		{66F564CE-A4C0-4A9C-8A86-5DABC41DACF8}.Debug|x86.Build.0 = Debug|Any CPU
		{66F564CE-A4C0-4A9C-8A86-5DABC41DACF8}.Release|Any CPU.ActiveCfg = Release|Any CPU
		{66F564CE-A4C0-4A9C-8A86-5DABC41DACF8}.Release|Any CPU.Build.0 = Release|Any CPU
		{66F564CE-A4C0-4A9C-8A86-5DABC41DACF8}.Release|x64.ActiveCfg = Release|Any CPU
		{66F564CE-A4C0-4A9C-8A86-5DABC41DACF8}.Release|x64.Build.0 = Release|Any CPU
		{66F564CE-A4C0-4A9C-8A86-5DABC41DACF8}.Release|x86.ActiveCfg = Release|Any CPU
		{66F564CE-A4C0-4A9C-8A86-5DABC41DACF8}.Release|x86.Build.0 = Release|Any CPU
		{0ADDF545-060A-4FD0-8BC3-0A22FE90C7DD}.Debug|Any CPU.ActiveCfg = Debug|Any CPU
		{0ADDF545-060A-4FD0-8BC3-0A22FE90C7DD}.Debug|Any CPU.Build.0 = Debug|Any CPU
		{0ADDF545-060A-4FD0-8BC3-0A22FE90C7DD}.Debug|x64.ActiveCfg = Debug|Any CPU
		{0ADDF545-060A-4FD0-8BC3-0A22FE90C7DD}.Debug|x64.Build.0 = Debug|Any CPU
		{0ADDF545-060A-4FD0-8BC3-0A22FE90C7DD}.Debug|x86.ActiveCfg = Debug|Any CPU
		{0ADDF545-060A-4FD0-8BC3-0A22FE90C7DD}.Debug|x86.Build.0 = Debug|Any CPU
		{0ADDF545-060A-4FD0-8BC3-0A22FE90C7DD}.Release|Any CPU.ActiveCfg = Release|Any CPU
		{0ADDF545-060A-4FD0-8BC3-0A22FE90C7DD}.Release|Any CPU.Build.0 = Release|Any CPU
		{0ADDF545-060A-4FD0-8BC3-0A22FE90C7DD}.Release|x64.ActiveCfg = Release|Any CPU
		{0ADDF545-060A-4FD0-8BC3-0A22FE90C7DD}.Release|x64.Build.0 = Release|Any CPU
		{0ADDF545-060A-4FD0-8BC3-0A22FE90C7DD}.Release|x86.ActiveCfg = Release|Any CPU
		{0ADDF545-060A-4FD0-8BC3-0A22FE90C7DD}.Release|x86.Build.0 = Release|Any CPU
		{2D333571-72F7-4925-9244-ED92FB63AC9A}.Debug|Any CPU.ActiveCfg = Debug|Any CPU
		{2D333571-72F7-4925-9244-ED92FB63AC9A}.Debug|Any CPU.Build.0 = Debug|Any CPU
		{2D333571-72F7-4925-9244-ED92FB63AC9A}.Debug|x64.ActiveCfg = Debug|Any CPU
		{2D333571-72F7-4925-9244-ED92FB63AC9A}.Debug|x64.Build.0 = Debug|Any CPU
		{2D333571-72F7-4925-9244-ED92FB63AC9A}.Debug|x86.ActiveCfg = Debug|Any CPU
		{2D333571-72F7-4925-9244-ED92FB63AC9A}.Debug|x86.Build.0 = Debug|Any CPU
		{2D333571-72F7-4925-9244-ED92FB63AC9A}.Release|Any CPU.ActiveCfg = Release|Any CPU
		{2D333571-72F7-4925-9244-ED92FB63AC9A}.Release|Any CPU.Build.0 = Release|Any CPU
		{2D333571-72F7-4925-9244-ED92FB63AC9A}.Release|x64.ActiveCfg = Release|Any CPU
		{2D333571-72F7-4925-9244-ED92FB63AC9A}.Release|x64.Build.0 = Release|Any CPU
		{2D333571-72F7-4925-9244-ED92FB63AC9A}.Release|x86.ActiveCfg = Release|Any CPU
		{2D333571-72F7-4925-9244-ED92FB63AC9A}.Release|x86.Build.0 = Release|Any CPU
		{5149551E-BBB4-4816-B046-CD402A9FBA39}.Debug|Any CPU.ActiveCfg = Debug|Any CPU
		{5149551E-BBB4-4816-B046-CD402A9FBA39}.Debug|Any CPU.Build.0 = Debug|Any CPU
		{5149551E-BBB4-4816-B046-CD402A9FBA39}.Debug|x64.ActiveCfg = Debug|Any CPU
		{5149551E-BBB4-4816-B046-CD402A9FBA39}.Debug|x64.Build.0 = Debug|Any CPU
		{5149551E-BBB4-4816-B046-CD402A9FBA39}.Debug|x86.ActiveCfg = Debug|Any CPU
		{5149551E-BBB4-4816-B046-CD402A9FBA39}.Debug|x86.Build.0 = Debug|Any CPU
		{5149551E-BBB4-4816-B046-CD402A9FBA39}.Release|Any CPU.ActiveCfg = Release|Any CPU
		{5149551E-BBB4-4816-B046-CD402A9FBA39}.Release|Any CPU.Build.0 = Release|Any CPU
		{5149551E-BBB4-4816-B046-CD402A9FBA39}.Release|x64.ActiveCfg = Release|Any CPU
		{5149551E-BBB4-4816-B046-CD402A9FBA39}.Release|x64.Build.0 = Release|Any CPU
		{5149551E-BBB4-4816-B046-CD402A9FBA39}.Release|x86.ActiveCfg = Release|Any CPU
		{5149551E-BBB4-4816-B046-CD402A9FBA39}.Release|x86.Build.0 = Release|Any CPU
	EndGlobalSection
EndGlobal
